PODS:
  - Alamofire (4.0.1)
  - ChameleonFramework (2.1.0):
    - ChameleonFramework/Default (= 2.1.0)
  - ChameleonFramework/Default (2.1.0)
  - ObjectMapper (2.0.0)
  - StatefulViewController (1.2)

DEPENDENCIES:
  - Alamofire (~> 4.0)
  - ChameleonFramework
  - ObjectMapper (~> 2.0)
  - StatefulViewController (from `https://github.com/aschuch/StatefulViewController.git`, branch `swift3.0`)

EXTERNAL SOURCES:
  StatefulViewController:
    :branch: swift3.0
    :git: https://github.com/aschuch/StatefulViewController.git

CHECKOUT OPTIONS:
  StatefulViewController:
    :commit: 432058b426345c34dfbd943a5835e2e82e43033f
    :git: https://github.com/aschuch/StatefulViewController.git

SPEC CHECKSUMS:
  Alamofire: 7682d43245de14874acd142ec137b144aa1dd335
  ChameleonFramework: d21a3cc247abfe5e37609a283a8238b03575cf64
  ObjectMapper: aed2570edabbd3c9b26c939e1cabdb6558f933e0
  StatefulViewController: 58a8134ea4a2f43504a9671700385f699450d018

PODFILE CHECKSUM: dcf96ed50cf1eb1a580139928a846de41007c43f

COCOAPODS: 1.0.1
