// !$*UTF8*$!
{
	archiveVersion = 1;
	classes = {
	};
	objectVersion = 46;
	objects = {

/* Begin PBXBuildFile section */
		4F04CE961D231EA6003EE245 /* Icon.swift in Sources */ = {isa = PBXBuildFile; fileRef = 4F04CE951D231EA6003EE245 /* Icon.swift */; };
		4F0D4DA61D26BE8400810E7D /* LoadingView.swift in Sources */ = {isa = PBXBuildFile; fileRef = 4F0D4DA51D26BE8400810E7D /* LoadingView.swift */; };
		4F0D4DA81D26BE9700810E7D /* LoadingView.xib in Resources */ = {isa = PBXBuildFile; fileRef = 4F0D4DA71D26BE9700810E7D /* LoadingView.xib */; };
		4F0D4DAA1D26BEC400810E7D /* StateView.swift in Sources */ = {isa = PBXBuildFile; fileRef = 4F0D4DA91D26BEC300810E7D /* StateView.swift */; };
		4F0D4DAC1D26C92F00810E7D /* EmptyView.swift in Sources */ = {isa = PBXBuildFile; fileRef = 4F0D4DAB1D26C92F00810E7D /* EmptyView.swift */; };
		4F0D4DAE1D26C93B00810E7D /* EmptyView.xib in Resources */ = {isa = PBXBuildFile; fileRef = 4F0D4DAD1D26C93B00810E7D /* EmptyView.xib */; };
		4F0D4DB01D26CFC600810E7D /* ErrorView.xib in Resources */ = {isa = PBXBuildFile; fileRef = 4F0D4DAF1D26CFC500810E7D /* ErrorView.xib */; };
		4F0D4DB21D26CFD800810E7D /* ErrorView.swift in Sources */ = {isa = PBXBuildFile; fileRef = 4F0D4DB11D26CFD800810E7D /* ErrorView.swift */; };
		4F3D42C21D257B6F003C90FF /* CreditsViewController.swift in Sources */ = {isa = PBXBuildFile; fileRef = 4F3D42C11D257B6F003C90FF /* CreditsViewController.swift */; };
		4F41AF521D367608002509C4 /* API.plist in Resources */ = {isa = PBXBuildFile; fileRef = 4F41AF511D367608002509C4 /* API.plist */; };
		4F41AF541D367653002509C4 /* CanteenConstans.swift in Sources */ = {isa = PBXBuildFile; fileRef = 4F41AF531D367653002509C4 /* CanteenConstans.swift */; };
		4F4547DA1D242A7E00EFF576 /* SettingsViewController.swift in Sources */ = {isa = PBXBuildFile; fileRef = 4F4547D91D242A7E00EFF576 /* SettingsViewController.swift */; };
		4F5C4A081D2B069300323FE6 /* ImageHelper.swift in Sources */ = {isa = PBXBuildFile; fileRef = 4F5C4A071D2B069300323FE6 /* ImageHelper.swift */; };
		4FC6CCB71D211EDE00410829 /* AppDelegate.swift in Sources */ = {isa = PBXBuildFile; fileRef = 4FC6CCB61D211EDE00410829 /* AppDelegate.swift */; };
		4FC6CCB91D211EDE00410829 /* MenuViewController.swift in Sources */ = {isa = PBXBuildFile; fileRef = 4FC6CCB81D211EDE00410829 /* MenuViewController.swift */; };
		4FC6CCBC1D211EDE00410829 /* Main.storyboard in Resources */ = {isa = PBXBuildFile; fileRef = 4FC6CCBA1D211EDE00410829 /* Main.storyboard */; };
		4FC6CCBE1D211EDE00410829 /* Assets.xcassets in Resources */ = {isa = PBXBuildFile; fileRef = 4FC6CCBD1D211EDE00410829 /* Assets.xcassets */; };
		4FC6CCC11D211EDE00410829 /* LaunchScreen.storyboard in Resources */ = {isa = PBXBuildFile; fileRef = 4FC6CCBF1D211EDE00410829 /* LaunchScreen.storyboard */; };
		4FC6CCCC1D21263B00410829 /* Menu.swift in Sources */ = {isa = PBXBuildFile; fileRef = 4FC6CCCB1D21263B00410829 /* Menu.swift */; };
		4FC6CCD01D2127F100410829 /* Meal.swift in Sources */ = {isa = PBXBuildFile; fileRef = 4FC6CCCF1D2127F100410829 /* Meal.swift */; };
		4FC6CCD41D212EE000410829 /* MenuTableViewCell.swift in Sources */ = {isa = PBXBuildFile; fileRef = 4FC6CCD31D212EE000410829 /* MenuTableViewCell.swift */; };
		4FFF79151D23EF0E00E011E5 /* CanteenStore.swift in Sources */ = {isa = PBXBuildFile; fileRef = 4FFF79141D23EF0E00E011E5 /* CanteenStore.swift */; };
		C45DAFABA7553A6E3FD72960 /* Pods_SCVZ_Canteen.framework in Frameworks */ = {isa = PBXBuildFile; fileRef = C12DFCFB3723B0DFD749B92C /* Pods_SCVZ_Canteen.framework */; };
/* End PBXBuildFile section */

/* Begin PBXFileReference section */
		0580CD319060CDED9650A6F2 /* Pods-SCVZ Canteen.release.xcconfig */ = {isa = PBXFileReference; includeInIndex = 1; lastKnownFileType = text.xcconfig; name = "Pods-SCVZ Canteen.release.xcconfig"; path = "Pods/Target Support Files/Pods-SCVZ Canteen/Pods-SCVZ Canteen.release.xcconfig"; sourceTree = "<group>"; };
		4F04CE951D231EA6003EE245 /* Icon.swift */ = {isa = PBXFileReference; fileEncoding = 4; lastKnownFileType = sourcecode.swift; path = Icon.swift; sourceTree = "<group>"; };
		4F0D4DA51D26BE8400810E7D /* LoadingView.swift */ = {isa = PBXFileReference; fileEncoding = 4; lastKnownFileType = sourcecode.swift; path = LoadingView.swift; sourceTree = "<group>"; };
		4F0D4DA71D26BE9700810E7D /* LoadingView.xib */ = {isa = PBXFileReference; fileEncoding = 4; lastKnownFileType = file.xib; path = LoadingView.xib; sourceTree = "<group>"; };
		4F0D4DA91D26BEC300810E7D /* StateView.swift */ = {isa = PBXFileReference; fileEncoding = 4; lastKnownFileType = sourcecode.swift; path = StateView.swift; sourceTree = "<group>"; };
		4F0D4DAB1D26C92F00810E7D /* EmptyView.swift */ = {isa = PBXFileReference; fileEncoding = 4; lastKnownFileType = sourcecode.swift; path = EmptyView.swift; sourceTree = "<group>"; };
		4F0D4DAD1D26C93B00810E7D /* EmptyView.xib */ = {isa = PBXFileReference; fileEncoding = 4; lastKnownFileType = file.xib; path = EmptyView.xib; sourceTree = "<group>"; };
		4F0D4DAF1D26CFC500810E7D /* ErrorView.xib */ = {isa = PBXFileReference; fileEncoding = 4; lastKnownFileType = file.xib; path = ErrorView.xib; sourceTree = "<group>"; };
		4F0D4DB11D26CFD800810E7D /* ErrorView.swift */ = {isa = PBXFileReference; fileEncoding = 4; lastKnownFileType = sourcecode.swift; path = ErrorView.swift; sourceTree = "<group>"; };
		4F3D42C11D257B6F003C90FF /* CreditsViewController.swift */ = {isa = PBXFileReference; fileEncoding = 4; lastKnownFileType = sourcecode.swift; path = CreditsViewController.swift; sourceTree = "<group>"; };
		4F41AF511D367608002509C4 /* API.plist */ = {isa = PBXFileReference; fileEncoding = 4; lastKnownFileType = text.plist.xml; path = API.plist; sourceTree = "<group>"; };
		4F41AF531D367653002509C4 /* CanteenConstans.swift */ = {isa = PBXFileReference; fileEncoding = 4; lastKnownFileType = sourcecode.swift; path = CanteenConstans.swift; sourceTree = "<group>"; };
		4F4547D91D242A7E00EFF576 /* SettingsViewController.swift */ = {isa = PBXFileReference; fileEncoding = 4; lastKnownFileType = sourcecode.swift; path = SettingsViewController.swift; sourceTree = "<group>"; };
		4F5C4A071D2B069300323FE6 /* ImageHelper.swift */ = {isa = PBXFileReference; fileEncoding = 4; lastKnownFileType = sourcecode.swift; path = ImageHelper.swift; sourceTree = "<group>"; };
		4FC6CCB31D211EDE00410829 /* SCVZ Canteen.app */ = {isa = PBXFileReference; explicitFileType = wrapper.application; includeInIndex = 0; path = "SCVZ Canteen.app"; sourceTree = BUILT_PRODUCTS_DIR; };
		4FC6CCB61D211EDE00410829 /* AppDelegate.swift */ = {isa = PBXFileReference; lastKnownFileType = sourcecode.swift; path = AppDelegate.swift; sourceTree = "<group>"; };
		4FC6CCB81D211EDE00410829 /* MenuViewController.swift */ = {isa = PBXFileReference; lastKnownFileType = sourcecode.swift; path = MenuViewController.swift; sourceTree = "<group>"; };
		4FC6CCBB1D211EDE00410829 /* Base */ = {isa = PBXFileReference; lastKnownFileType = file.storyboard; name = Base; path = Base.lproj/Main.storyboard; sourceTree = "<group>"; };
		4FC6CCBD1D211EDE00410829 /* Assets.xcassets */ = {isa = PBXFileReference; lastKnownFileType = folder.assetcatalog; path = Assets.xcassets; sourceTree = "<group>"; };
		4FC6CCC01D211EDE00410829 /* Base */ = {isa = PBXFileReference; lastKnownFileType = file.storyboard; name = Base; path = Base.lproj/LaunchScreen.storyboard; sourceTree = "<group>"; };
		4FC6CCC21D211EDE00410829 /* Info.plist */ = {isa = PBXFileReference; lastKnownFileType = text.plist.xml; path = Info.plist; sourceTree = "<group>"; };
		4FC6CCCB1D21263B00410829 /* Menu.swift */ = {isa = PBXFileReference; fileEncoding = 4; lastKnownFileType = sourcecode.swift; path = Menu.swift; sourceTree = "<group>"; };
		4FC6CCCF1D2127F100410829 /* Meal.swift */ = {isa = PBXFileReference; fileEncoding = 4; lastKnownFileType = sourcecode.swift; path = Meal.swift; sourceTree = "<group>"; };
		4FC6CCD31D212EE000410829 /* MenuTableViewCell.swift */ = {isa = PBXFileReference; fileEncoding = 4; lastKnownFileType = sourcecode.swift; path = MenuTableViewCell.swift; sourceTree = "<group>"; };
		4FFF79141D23EF0E00E011E5 /* CanteenStore.swift */ = {isa = PBXFileReference; fileEncoding = 4; lastKnownFileType = sourcecode.swift; path = CanteenStore.swift; sourceTree = "<group>"; };
		C12DFCFB3723B0DFD749B92C /* Pods_SCVZ_Canteen.framework */ = {isa = PBXFileReference; explicitFileType = wrapper.framework; includeInIndex = 0; path = Pods_SCVZ_Canteen.framework; sourceTree = BUILT_PRODUCTS_DIR; };
		C5F8E3A2E8EFB42E7ADA9A88 /* Pods-SCVZ Canteen.debug.xcconfig */ = {isa = PBXFileReference; includeInIndex = 1; lastKnownFileType = text.xcconfig; name = "Pods-SCVZ Canteen.debug.xcconfig"; path = "Pods/Target Support Files/Pods-SCVZ Canteen/Pods-SCVZ Canteen.debug.xcconfig"; sourceTree = "<group>"; };
/* End PBXFileReference section */

/* Begin PBXFrameworksBuildPhase section */
		4FC6CCB01D211EDE00410829 /* Frameworks */ = {
			isa = PBXFrameworksBuildPhase;
			buildActionMask = 2147483647;
			files = (
				C45DAFABA7553A6E3FD72960 /* Pods_SCVZ_Canteen.framework in Frameworks */,
			);
			runOnlyForDeploymentPostprocessing = 0;
		};
/* End PBXFrameworksBuildPhase section */

/* Begin PBXGroup section */
		053C2137D4F8EE2CFA9F2B07 /* Pods */ = {
			isa = PBXGroup;
			children = (
				C5F8E3A2E8EFB42E7ADA9A88 /* Pods-SCVZ Canteen.debug.xcconfig */,
				0580CD319060CDED9650A6F2 /* Pods-SCVZ Canteen.release.xcconfig */,
			);
			name = Pods;
			sourceTree = "<group>";
		};
		4F0D4DA41D26BC0500810E7D /* Views */ = {
			isa = PBXGroup;
			children = (
				4F0D4DAB1D26C92F00810E7D /* EmptyView.swift */,
				4F0D4DAD1D26C93B00810E7D /* EmptyView.xib */,
				4F0D4DB11D26CFD800810E7D /* ErrorView.swift */,
				4F0D4DAF1D26CFC500810E7D /* ErrorView.xib */,
				4F0D4DA51D26BE8400810E7D /* LoadingView.swift */,
				4F0D4DA71D26BE9700810E7D /* LoadingView.xib */,
				4FC6CCD31D212EE000410829 /* MenuTableViewCell.swift */,
				4F0D4DA91D26BEC300810E7D /* StateView.swift */,
			);
			path = Views;
			sourceTree = "<group>";
		};
		4F5C4A061D2B066600323FE6 /* Helpers */ = {
			isa = PBXGroup;
			children = (
				4F5C4A071D2B069300323FE6 /* ImageHelper.swift */,
			);
			path = Helpers;
			sourceTree = "<group>";
		};
		4FC6CCAA1D211EDE00410829 = {
			isa = PBXGroup;
			children = (
				4FC6CCB51D211EDE00410829 /* SCVZ Canteen */,
				4FC6CCB41D211EDE00410829 /* Products */,
				053C2137D4F8EE2CFA9F2B07 /* Pods */,
				7347239D9022FE7E02ACBF18 /* Frameworks */,
			);
			sourceTree = "<group>";
		};
		4FC6CCB41D211EDE00410829 /* Products */ = {
			isa = PBXGroup;
			children = (
				4FC6CCB31D211EDE00410829 /* SCVZ Canteen.app */,
			);
			name = Products;
			sourceTree = "<group>";
		};
		4FC6CCB51D211EDE00410829 /* SCVZ Canteen */ = {
			isa = PBXGroup;
			children = (
				4FC6CCC81D211EFC00410829 /* Application */,
				4F5C4A061D2B066600323FE6 /* Helpers */,
				4FC6CCCA1D2125F800410829 /* Models */,
				4FFF79131D23EED000E011E5 /* Stores */,
				4FC6CCC91D211F0300410829 /* ViewControllers */,
				4F0D4DA41D26BC0500810E7D /* Views */,
				4FC6CCBD1D211EDE00410829 /* Assets.xcassets */,
				4FC6CCBA1D211EDE00410829 /* Main.storyboard */,
				4FC6CCBF1D211EDE00410829 /* LaunchScreen.storyboard */,
			);
			path = "SCVZ Canteen";
			sourceTree = "<group>";
		};
		4FC6CCC81D211EFC00410829 /* Application */ = {
			isa = PBXGroup;
			children = (
				4FC6CCB61D211EDE00410829 /* AppDelegate.swift */,
				4FC6CCC21D211EDE00410829 /* Info.plist */,
				4F41AF511D367608002509C4 /* API.plist */,
			);
			path = Application;
			sourceTree = "<group>";
		};
		4FC6CCC91D211F0300410829 /* ViewControllers */ = {
			isa = PBXGroup;
			children = (
				4F3D42C11D257B6F003C90FF /* CreditsViewController.swift */,
				4FC6CCB81D211EDE00410829 /* MenuViewController.swift */,
				4F4547D91D242A7E00EFF576 /* SettingsViewController.swift */,
			);
			path = ViewControllers;
			sourceTree = "<group>";
		};
		4FC6CCCA1D2125F800410829 /* Models */ = {
			isa = PBXGroup;
			children = (
				4FC6CCCB1D21263B00410829 /* Menu.swift */,
				4FC6CCCF1D2127F100410829 /* Meal.swift */,
				4F04CE951D231EA6003EE245 /* Icon.swift */,
			);
			path = Models;
			sourceTree = "<group>";
		};
		4FFF79131D23EED000E011E5 /* Stores */ = {
			isa = PBXGroup;
			children = (
				4F41AF531D367653002509C4 /* CanteenConstans.swift */,
				4FFF79141D23EF0E00E011E5 /* CanteenStore.swift */,
			);
			path = Stores;
			sourceTree = "<group>";
		};
		7347239D9022FE7E02ACBF18 /* Frameworks */ = {
			isa = PBXGroup;
			children = (
				C12DFCFB3723B0DFD749B92C /* Pods_SCVZ_Canteen.framework */,
			);
			name = Frameworks;
			sourceTree = "<group>";
		};
/* End PBXGroup section */

/* Begin PBXNativeTarget section */
		4FC6CCB21D211EDE00410829 /* SCVZ Canteen */ = {
			isa = PBXNativeTarget;
			buildConfigurationList = 4FC6CCC51D211EDE00410829 /* Build configuration list for PBXNativeTarget "SCVZ Canteen" */;
			buildPhases = (
				A11999953392AFFED86DF5ED /* [CP] Check Pods Manifest.lock */,
				4FC6CCAF1D211EDE00410829 /* Sources */,
				4FC6CCB01D211EDE00410829 /* Frameworks */,
				4FC6CCB11D211EDE00410829 /* Resources */,
				CB1D2191FD18D3221C864C7F /* [CP] Embed Pods Frameworks */,
				4D2DA61C1607A30D6E5CC6CD /* [CP] Copy Pods Resources */,
			);
			buildRules = (
			);
			dependencies = (
			);
			name = "SCVZ Canteen";
			productName = "SCVZ Canteen";
			productReference = 4FC6CCB31D211EDE00410829 /* SCVZ Canteen.app */;
			productType = "com.apple.product-type.application";
		};
/* End PBXNativeTarget section */

/* Begin PBXProject section */
		4FC6CCAB1D211EDE00410829 /* Project object */ = {
			isa = PBXProject;
			attributes = {
				LastSwiftUpdateCheck = 0730;
				LastUpgradeCheck = 0730;
				ORGANIZATIONNAME = "Nikola Majcen";
				TargetAttributes = {
					4FC6CCB21D211EDE00410829 = {
						CreatedOnToolsVersion = 7.3.1;
						DevelopmentTeam = UR88X5AHVX;
					};
				};
			};
			buildConfigurationList = 4FC6CCAE1D211EDE00410829 /* Build configuration list for PBXProject "SCVZ Canteen" */;
			compatibilityVersion = "Xcode 3.2";
			developmentRegion = English;
			hasScannedForEncodings = 0;
			knownRegions = (
				en,
				Base,
			);
			mainGroup = 4FC6CCAA1D211EDE00410829;
			productRefGroup = 4FC6CCB41D211EDE00410829 /* Products */;
			projectDirPath = "";
			projectRoot = "";
			targets = (
				4FC6CCB21D211EDE00410829 /* SCVZ Canteen */,
			);
		};
/* End PBXProject section */

/* Begin PBXResourcesBuildPhase section */
		4FC6CCB11D211EDE00410829 /* Resources */ = {
			isa = PBXResourcesBuildPhase;
			buildActionMask = 2147483647;
			files = (
				4FC6CCC11D211EDE00410829 /* LaunchScreen.storyboard in Resources */,
				4FC6CCBE1D211EDE00410829 /* Assets.xcassets in Resources */,
				4FC6CCBC1D211EDE00410829 /* Main.storyboard in Resources */,
				4F0D4DB01D26CFC600810E7D /* ErrorView.xib in Resources */,
				4F41AF521D367608002509C4 /* API.plist in Resources */,
				4F0D4DAE1D26C93B00810E7D /* EmptyView.xib in Resources */,
				4F0D4DA81D26BE9700810E7D /* LoadingView.xib in Resources */,
			);
			runOnlyForDeploymentPostprocessing = 0;
		};
/* End PBXResourcesBuildPhase section */

/* Begin PBXShellScriptBuildPhase section */
		4D2DA61C1607A30D6E5CC6CD /* [CP] Copy Pods Resources */ = {
			isa = PBXShellScriptBuildPhase;
			buildActionMask = 2147483647;
			files = (
			);
			inputPaths = (
			);
			name = "[CP] Copy Pods Resources";
			outputPaths = (
			);
			runOnlyForDeploymentPostprocessing = 0;
			shellPath = /bin/sh;
			shellScript = "\"${SRCROOT}/Pods/Target Support Files/Pods-SCVZ Canteen/Pods-SCVZ Canteen-resources.sh\"\n";
			showEnvVarsInLog = 0;
		};
		A11999953392AFFED86DF5ED /* [CP] Check Pods Manifest.lock */ = {
			isa = PBXShellScriptBuildPhase;
			buildActionMask = 2147483647;
			files = (
			);
			inputPaths = (
			);
			name = "[CP] Check Pods Manifest.lock";
			outputPaths = (
			);
			runOnlyForDeploymentPostprocessing = 0;
			shellPath = /bin/sh;
			shellScript = "diff \"${PODS_ROOT}/../Podfile.lock\" \"${PODS_ROOT}/Manifest.lock\" > /dev/null\nif [[ $? != 0 ]] ; then\n    cat << EOM\nerror: The sandbox is not in sync with the Podfile.lock. Run 'pod install' or update your CocoaPods installation.\nEOM\n    exit 1\nfi\n";
			showEnvVarsInLog = 0;
		};
		CB1D2191FD18D3221C864C7F /* [CP] Embed Pods Frameworks */ = {
			isa = PBXShellScriptBuildPhase;
			buildActionMask = 2147483647;
			files = (
			);
			inputPaths = (
			);
			name = "[CP] Embed Pods Frameworks";
			outputPaths = (
			);
			runOnlyForDeploymentPostprocessing = 0;
			shellPath = /bin/sh;
			shellScript = "\"${SRCROOT}/Pods/Target Support Files/Pods-SCVZ Canteen/Pods-SCVZ Canteen-frameworks.sh\"\n";
			showEnvVarsInLog = 0;
		};
/* End PBXShellScriptBuildPhase section */

/* Begin PBXSourcesBuildPhase section */
		4FC6CCAF1D211EDE00410829 /* Sources */ = {
			isa = PBXSourcesBuildPhase;
			buildActionMask = 2147483647;
			files = (
				4F04CE961D231EA6003EE245 /* Icon.swift in Sources */,
				4FC6CCCC1D21263B00410829 /* Menu.swift in Sources */,
				4FC6CCB91D211EDE00410829 /* MenuViewController.swift in Sources */,
				4F41AF541D367653002509C4 /* CanteenConstans.swift in Sources */,
				4F0D4DA61D26BE8400810E7D /* LoadingView.swift in Sources */,
				4F0D4DAC1D26C92F00810E7D /* EmptyView.swift in Sources */,
				4FC6CCD01D2127F100410829 /* Meal.swift in Sources */,
				4F0D4DAA1D26BEC400810E7D /* StateView.swift in Sources */,
				4F3D42C21D257B6F003C90FF /* CreditsViewController.swift in Sources */,
				4FC6CCB71D211EDE00410829 /* AppDelegate.swift in Sources */,
				4FFF79151D23EF0E00E011E5 /* CanteenStore.swift in Sources */,
				4FC6CCD41D212EE000410829 /* MenuTableViewCell.swift in Sources */,
				4F0D4DB21D26CFD800810E7D /* ErrorView.swift in Sources */,
				4F4547DA1D242A7E00EFF576 /* SettingsViewController.swift in Sources */,
				4F5C4A081D2B069300323FE6 /* ImageHelper.swift in Sources */,
			);
			runOnlyForDeploymentPostprocessing = 0;
		};
/* End PBXSourcesBuildPhase section */

/* Begin PBXVariantGroup section */
		4FC6CCBA1D211EDE00410829 /* Main.storyboard */ = {
			isa = PBXVariantGroup;
			children = (
				4FC6CCBB1D211EDE00410829 /* Base */,
			);
			name = Main.storyboard;
			sourceTree = "<group>";
		};
		4FC6CCBF1D211EDE00410829 /* LaunchScreen.storyboard */ = {
			isa = PBXVariantGroup;
			children = (
				4FC6CCC01D211EDE00410829 /* Base */,
			);
			name = LaunchScreen.storyboard;
			sourceTree = "<group>";
		};
/* End PBXVariantGroup section */

/* Begin XCBuildConfiguration section */
		4FC6CCC31D211EDE00410829 /* Debug */ = {
			isa = XCBuildConfiguration;
			buildSettings = {
				ALWAYS_SEARCH_USER_PATHS = NO;
				CLANG_ANALYZER_NONNULL = YES;
				CLANG_CXX_LANGUAGE_STANDARD = "gnu++0x";
				CLANG_CXX_LIBRARY = "libc++";
				CLANG_ENABLE_MODULES = YES;
				CLANG_ENABLE_OBJC_ARC = YES;
				CLANG_WARN_BOOL_CONVERSION = YES;
				CLANG_WARN_CONSTANT_CONVERSION = YES;
				CLANG_WARN_DIRECT_OBJC_ISA_USAGE = YES_ERROR;
				CLANG_WARN_EMPTY_BODY = YES;
				CLANG_WARN_ENUM_CONVERSION = YES;
				CLANG_WARN_INT_CONVERSION = YES;
				CLANG_WARN_OBJC_ROOT_CLASS = YES_ERROR;
				CLANG_WARN_UNREACHABLE_CODE = YES;
				CLANG_WARN__DUPLICATE_METHOD_MATCH = YES;
				"CODE_SIGN_IDENTITY[sdk=iphoneos*]" = "iPhone Developer";
				COPY_PHASE_STRIP = NO;
				DEBUG_INFORMATION_FORMAT = dwarf;
				ENABLE_STRICT_OBJC_MSGSEND = YES;
				ENABLE_TESTABILITY = YES;
				GCC_C_LANGUAGE_STANDARD = gnu99;
				GCC_DYNAMIC_NO_PIC = NO;
				GCC_NO_COMMON_BLOCKS = YES;
				GCC_OPTIMIZATION_LEVEL = 0;
				GCC_PREPROCESSOR_DEFINITIONS = (
					"DEBUG=1",
					"$(inherited)",
				);
				GCC_WARN_64_TO_32_BIT_CONVERSION = YES;
				GCC_WARN_ABOUT_RETURN_TYPE = YES_ERROR;
				GCC_WARN_UNDECLARED_SELECTOR = YES;
				GCC_WARN_UNINITIALIZED_AUTOS = YES_AGGRESSIVE;
				GCC_WARN_UNUSED_FUNCTION = YES;
				GCC_WARN_UNUSED_VARIABLE = YES;
				IPHONEOS_DEPLOYMENT_TARGET = 9.3;
				MTL_ENABLE_DEBUG_INFO = YES;
				ONLY_ACTIVE_ARCH = YES;
				SDKROOT = iphoneos;
				SWIFT_OPTIMIZATION_LEVEL = "-Onone";
				TARGETED_DEVICE_FAMILY = "1,2";
			};
			name = Debug;
		};
		4FC6CCC41D211EDE00410829 /* Release */ = {
			isa = XCBuildConfiguration;
			buildSettings = {
				ALWAYS_SEARCH_USER_PATHS = NO;
				CLANG_ANALYZER_NONNULL = YES;
				CLANG_CXX_LANGUAGE_STANDARD = "gnu++0x";
				CLANG_CXX_LIBRARY = "libc++";
				CLANG_ENABLE_MODULES = YES;
				CLANG_ENABLE_OBJC_ARC = YES;
				CLANG_WARN_BOOL_CONVERSION = YES;
				CLANG_WARN_CONSTANT_CONVERSION = YES;
				CLANG_WARN_DIRECT_OBJC_ISA_USAGE = YES_ERROR;
				CLANG_WARN_EMPTY_BODY = YES;
				CLANG_WARN_ENUM_CONVERSION = YES;
				CLANG_WARN_INT_CONVERSION = YES;
				CLANG_WARN_OBJC_ROOT_CLASS = YES_ERROR;
				CLANG_WARN_UNREACHABLE_CODE = YES;
				CLANG_WARN__DUPLICATE_METHOD_MATCH = YES;
				"CODE_SIGN_IDENTITY[sdk=iphoneos*]" = "iPhone Developer";
				COPY_PHASE_STRIP = NO;
				DEBUG_INFORMATION_FORMAT = "dwarf-with-dsym";
				ENABLE_NS_ASSERTIONS = NO;
				ENABLE_STRICT_OBJC_MSGSEND = YES;
				GCC_C_LANGUAGE_STANDARD = gnu99;
				GCC_NO_COMMON_BLOCKS = YES;
				GCC_WARN_64_TO_32_BIT_CONVERSION = YES;
				GCC_WARN_ABOUT_RETURN_TYPE = YES_ERROR;
				GCC_WARN_UNDECLARED_SELECTOR = YES;
				GCC_WARN_UNINITIALIZED_AUTOS = YES_AGGRESSIVE;
				GCC_WARN_UNUSED_FUNCTION = YES;
				GCC_WARN_UNUSED_VARIABLE = YES;
				IPHONEOS_DEPLOYMENT_TARGET = 9.3;
				MTL_ENABLE_DEBUG_INFO = NO;
				SDKROOT = iphoneos;
				TARGETED_DEVICE_FAMILY = "1,2";
				VALIDATE_PRODUCT = YES;
			};
			name = Release;
		};
		4FC6CCC61D211EDE00410829 /* Debug */ = {
			isa = XCBuildConfiguration;
			baseConfigurationReference = C5F8E3A2E8EFB42E7ADA9A88 /* Pods-SCVZ Canteen.debug.xcconfig */;
			buildSettings = {
				ASSETCATALOG_COMPILER_APPICON_NAME = AppIcon;
				CODE_SIGN_IDENTITY = "";
				"CODE_SIGN_IDENTITY[sdk=iphoneos*]" = "iPhone Developer";
				INFOPLIST_FILE = "$(SRCROOT)/SCVZ Canteen/Application/Info.plist";
				IPHONEOS_DEPLOYMENT_TARGET = 8.0;
				LD_RUNPATH_SEARCH_PATHS = "$(inherited) @executable_path/Frameworks";
				PRODUCT_BUNDLE_IDENTIFIER = "com.nikolamajcen.SCVZ-Canteen";
				PRODUCT_NAME = "$(TARGET_NAME)";
				PROVISIONING_PROFILE = "";
			};
			name = Debug;
		};
		4FC6CCC71D211EDE00410829 /* Release */ = {
			isa = XCBuildConfiguration;
			baseConfigurationReference = 0580CD319060CDED9650A6F2 /* Pods-SCVZ Canteen.release.xcconfig */;
			buildSettings = {
				ASSETCATALOG_COMPILER_APPICON_NAME = AppIcon;
				CODE_SIGN_IDENTITY = "";
				"CODE_SIGN_IDENTITY[sdk=iphoneos*]" = "iPhone Developer";
				INFOPLIST_FILE = "$(SRCROOT)/SCVZ Canteen/Application/Info.plist";
				IPHONEOS_DEPLOYMENT_TARGET = 8.0;
				LD_RUNPATH_SEARCH_PATHS = "$(inherited) @executable_path/Frameworks";
				PRODUCT_BUNDLE_IDENTIFIER = "com.nikolamajcen.SCVZ-Canteen";
				PRODUCT_NAME = "$(TARGET_NAME)";
				PROVISIONING_PROFILE = "";
			};
			name = Release;
		};
/* End XCBuildConfiguration section */

/* Begin XCConfigurationList section */
		4FC6CCAE1D211EDE00410829 /* Build configuration list for PBXProject "SCVZ Canteen" */ = {
			isa = XCConfigurationList;
			buildConfigurations = (
				4FC6CCC31D211EDE00410829 /* Debug */,
				4FC6CCC41D211EDE00410829 /* Release */,
			);
			defaultConfigurationIsVisible = 0;
			defaultConfigurationName = Release;
		};
		4FC6CCC51D211EDE00410829 /* Build configuration list for PBXNativeTarget "SCVZ Canteen" */ = {
			isa = XCConfigurationList;
			buildConfigurations = (
				4FC6CCC61D211EDE00410829 /* Debug */,
				4FC6CCC71D211EDE00410829 /* Release */,
			);
			defaultConfigurationIsVisible = 0;
			defaultConfigurationName = Release;
		};
/* End XCConfigurationList section */
	};
	rootObject = 4FC6CCAB1D211EDE00410829 /* Project object */;
}
